<?xml version="1.0" encoding="utf-8"?>
<Project ToolsVersion="4.0" xmlns="http://schemas.microsoft.com/developer/msbuild/2003">
  <ItemGroup>
    <Filter Include="Source Files">
      <UniqueIdentifier>{4FC737F1-C7A5-4376-A066-2A32D752A2FF}</UniqueIdentifier>
      <Extensions>cpp;c;cc;cxx</Extensions>
    </Filter>
    <Filter Include="Header Files">
      <UniqueIdentifier>{93995380-89BD-4b04-88EB-625FBE52EBFB}</UniqueIdentifier>
      <Extensions>h;hh;hpp;hxx</Extensions>
    </Filter>
    <Filter Include="Build">
      <UniqueIdentifier>{7A2D4B1C-5E3F-4A8D-9C2B-1F6E8A4D3C50}</UniqueIdentifier>
    </Filter>
    <Filter Include="Lua">
      <UniqueIdentifier>{B7E3C2A1-6D4F-4E5A-9B8C-2A1F3E4D5C60}</UniqueIdentifier>
    </Filter>
  </ItemGroup>
  <ItemGroup>
    <ClInclude Include="src\font.h">
      <Filter>Header Files</Filter>
    </ClInclude>
    <ClInclude Include="src\cell.h">
      <Filter>Header Files</Filter>
    </ClInclude>
    <ClInclude Include="src\search.h">
      <Filter>Header Files</Filter>
    </ClInclude>
    <ClInclude Include="src\history.h">
      <Filter>Header Files</Filter>
    </ClInclude>
    <ClInclude Include="src\picker.h">
      <Filter>Header Files</Filter>
    </ClInclude>
    <ClInclude Include="src\fetch.h">
      <Filter>Header Files</Filter>
    </ClInclude>
    <ClInclude Include="src\status.h">
      <Filter>Header Files</Filter>
    </ClInclude>
    <ClInclude Include="src\sysinfo.h">
      <Filter>Header Files</Filter>
    </ClInclude>
    <ClInclude Include="src\menu.h">
      <Filter>Header Files</Filter>
    </ClInclude>
    <ClInclude Include="src\theme.h">
      <Filter>Header Files</Filter>
    </ClInclude>
    <ClInclude Include="src\config.h">
      <Filter>Header Files</Filter>
    </ClInclude>
    <ClInclude Include="src\charwidth.h">
      <Filter>Header Files</Filter>
    </ClInclude>
    <ClInclude Include="src\keymap.h">
      <Filter>Header Files</Filter>
    </ClInclude>
    <ClInclude Include="src\pty.h">
      <Filter>Header Files</Filter>
    </ClInclude>
    <ClInclude Include="src\render.h">
      <Filter>Header Files</Filter>
    </ClInclude>
    <ClInclude Include="src\replay.h">
      <Filter>Header Files</Filter>
    </ClInclude>
    <ClInclude Include="src\screen.h">
      <Filter>Header Files</Filter>
    </ClInclude>
    <ClInclude Include="src\selftest.h">
      <Filter>Header Files</Filter>
    </ClInclude>
    <ClInclude Include="src\session.h">
      <Filter>Header Files</Filter>
    </ClInclude>
    <ClInclude Include="src\snapshot.h">
      <Filter>Header Files</Filter>
    </ClInclude>
    <ClInclude Include="src\vtparse.h">
      <Filter>Header Files</Filter>
    </ClInclude>
    <ClInclude Include="src\view.h">
      <Filter>Header Files</Filter>
    </ClInclude>
    <ClInclude Include="src\scrollbar.h">
      <Filter>Header Files</Filter>
    </ClInclude>
    <ClInclude Include="src\window.h">
      <Filter>Header Files</Filter>
    </ClInclude>
  </ItemGroup>
  <ItemGroup>
    <ClCompile Include="src\font.cpp">
      <Filter>Source Files</Filter>
    </ClCompile>
    <ClCompile Include="src\search.cpp">
      <Filter>Source Files</Filter>
    </ClCompile>
    <ClCompile Include="src\history.cpp">
      <Filter>Source Files</Filter>
    </ClCompile>
    <ClCompile Include="src\picker.cpp">
      <Filter>Source Files</Filter>
    </ClCompile>
    <ClCompile Include="src\fetch.cpp">
      <Filter>Source Files</Filter>
    </ClCompile>
    <ClCompile Include="src\status.cpp">
      <Filter>Source Files</Filter>
    </ClCompile>
    <ClCompile Include="src\sysinfo.cpp">
      <Filter>Source Files</Filter>
    </ClCompile>
    <ClCompile Include="src\menu.cpp">
      <Filter>Source Files</Filter>
    </ClCompile>
    <ClCompile Include="src\theme.cpp">
      <Filter>Source Files</Filter>
    </ClCompile>
    <ClCompile Include="src\config.cpp">
      <Filter>Source Files</Filter>
    </ClCompile>
    <ClCompile Include="src\charwidth.cpp">
      <Filter>Source Files</Filter>
    </ClCompile>
    <ClCompile Include="src\keymap.cpp">
      <Filter>Source Files</Filter>
    </ClCompile>
    <ClCompile Include="src\main.cpp">
      <Filter>Source Files</Filter>
    </ClCompile>
    <ClCompile Include="src\pty.cpp">
      <Filter>Source Files</Filter>
    </ClCompile>
    <ClCompile Include="src\render.cpp">
      <Filter>Source Files</Filter>
    </ClCompile>
    <ClCompile Include="src\replay.cpp">
      <Filter>Source Files</Filter>
    </ClCompile>
    <ClCompile Include="src\screen.cpp">
      <Filter>Source Files</Filter>
    </ClCompile>
    <ClCompile Include="src\selftest.cpp">
      <Filter>Source Files</Filter>
    </ClCompile>
    <ClCompile Include="src\session.cpp">
      <Filter>Source Files</Filter>
    </ClCompile>
    <ClCompile Include="src\snapshot.cpp">
      <Filter>Source Files</Filter>
    </ClCompile>
    <ClCompile Include="src\vtparse.cpp">
      <Filter>Source Files</Filter>
    </ClCompile>
    <ClCompile Include="src\view.cpp">
      <Filter>Source Files</Filter>
    </ClCompile>
    <ClCompile Include="src\scrollbar.cpp">
      <Filter>Source Files</Filter>
    </ClCompile>
    <ClCompile Include="src\window.cpp">
      <Filter>Source Files</Filter>
    </ClCompile>
  </ItemGroup>
  <ItemGroup>
    <None Include="README.md">
      <Filter>Build</Filter>
    </None>
    <None Include="build.ps1">
      <Filter>Build</Filter>
    </None>
    <None Include="tests\smoke.ps1">
      <Filter>Build</Filter>
    </None>
  </ItemGroup>
  <ItemGroup>
    <ClCompile Include="lua\lapi.c">
      <Filter>Lua</Filter>
    </ClCompile>
    <ClCompile Include="lua\lauxlib.c">
      <Filter>Lua</Filter>
    </ClCompile>
    <ClCompile Include="lua\lbaselib.c">
      <Filter>Lua</Filter>
    </ClCompile>
    <ClCompile Include="lua\lcode.c">
      <Filter>Lua</Filter>
    </ClCompile>
    <ClCompile Include="lua\lcorolib.c">
      <Filter>Lua</Filter>
    </ClCompile>
    <ClCompile Include="lua\lctype.c">
      <Filter>Lua</Filter>
    </ClCompile>
    <ClCompile Include="lua\ldblib.c">
      <Filter>Lua</Filter>
    </ClCompile>
    <ClCompile Include="lua\ldebug.c">
      <Filter>Lua</Filter>
    </ClCompile>
    <ClCompile Include="lua\ldo.c">
      <Filter>Lua</Filter>
    </ClCompile>
    <ClCompile Include="lua\ldump.c">
      <Filter>Lua</Filter>
    </ClCompile>
    <ClCompile Include="lua\lfunc.c">
      <Filter>Lua</Filter>
    </ClCompile>
    <ClCompile Include="lua\lgc.c">
      <Filter>Lua</Filter>
    </ClCompile>
    <ClCompile Include="lua\linit.c">
      <Filter>Lua</Filter>
    </ClCompile>
    <ClCompile Include="lua\liolib.c">
      <Filter>Lua</Filter>
    </ClCompile>
    <ClCompile Include="lua\llex.c">
      <Filter>Lua</Filter>
    </ClCompile>
    <ClCompile Include="lua\lmathlib.c">
      <Filter>Lua</Filter>
    </ClCompile>
    <ClCompile Include="lua\lmem.c">
      <Filter>Lua</Filter>
    </ClCompile>
    <ClCompile Include="lua\loadlib.c">
      <Filter>Lua</Filter>
    </ClCompile>
    <ClCompile Include="lua\lobject.c">
      <Filter>Lua</Filter>
    </ClCompile>
    <ClCompile Include="lua\lopcodes.c">
      <Filter>Lua</Filter>
    </ClCompile>
    <ClCompile Include="lua\loslib.c">
      <Filter>Lua</Filter>
    </ClCompile>
    <ClCompile Include="lua\lparser.c">
      <Filter>Lua</Filter>
    </ClCompile>
    <ClCompile Include="lua\lstate.c">
      <Filter>Lua</Filter>
    </ClCompile>
    <ClCompile Include="lua\lstring.c">
      <Filter>Lua</Filter>
    </ClCompile>
    <ClCompile Include="lua\lstrlib.c">
      <Filter>Lua</Filter>
    </ClCompile>
    <ClCompile Include="lua\ltable.c">
      <Filter>Lua</Filter>
    </ClCompile>
    <ClCompile Include="lua\ltablib.c">
      <Filter>Lua</Filter>
    </ClCompile>
    <ClCompile Include="lua\ltm.c">
      <Filter>Lua</Filter>
    </ClCompile>
    <ClCompile Include="lua\lundump.c">
      <Filter>Lua</Filter>
    </ClCompile>
    <ClCompile Include="lua\lutf8lib.c">
      <Filter>Lua</Filter>
    </ClCompile>
    <ClCompile Include="lua\lvm.c">
      <Filter>Lua</Filter>
    </ClCompile>
    <ClCompile Include="lua\lzio.c">
      <Filter>Lua</Filter>
    </ClCompile>
    <ClInclude Include="lua\lapi.h">
      <Filter>Lua</Filter>
    </ClInclude>
    <ClInclude Include="lua\lauxlib.h">
      <Filter>Lua</Filter>
    </ClInclude>
    <ClInclude Include="lua\lcode.h">
      <Filter>Lua</Filter>
    </ClInclude>
    <ClInclude Include="lua\lctype.h">
      <Filter>Lua</Filter>
    </ClInclude>
    <ClInclude Include="lua\ldebug.h">
      <Filter>Lua</Filter>
    </ClInclude>
    <ClInclude Include="lua\ldo.h">
      <Filter>Lua</Filter>
    </ClInclude>
    <ClInclude Include="lua\lfunc.h">
      <Filter>Lua</Filter>
    </ClInclude>
    <ClInclude Include="lua\lgc.h">
      <Filter>Lua</Filter>
    </ClInclude>
    <ClInclude Include="lua\ljumptab.h">
      <Filter>Lua</Filter>
    </ClInclude>
    <ClInclude Include="lua\llex.h">
      <Filter>Lua</Filter>
    </ClInclude>
    <ClInclude Include="lua\llimits.h">
      <Filter>Lua</Filter>
    </ClInclude>
    <ClInclude Include="lua\lmem.h">
      <Filter>Lua</Filter>
    </ClInclude>
    <ClInclude Include="lua\lobject.h">
      <Filter>Lua</Filter>
    </ClInclude>
    <ClInclude Include="lua\lopcodes.h">
      <Filter>Lua</Filter>
    </ClInclude>
    <ClInclude Include="lua\lopnames.h">
      <Filter>Lua</Filter>
    </ClInclude>
    <ClInclude Include="lua\lparser.h">
      <Filter>Lua</Filter>
    </ClInclude>
    <ClInclude Include="lua\lprefix.h">
      <Filter>Lua</Filter>
    </ClInclude>
    <ClInclude Include="lua\lstate.h">
      <Filter>Lua</Filter>
    </ClInclude>
    <ClInclude Include="lua\lstring.h">
      <Filter>Lua</Filter>
    </ClInclude>
    <ClInclude Include="lua\ltable.h">
      <Filter>Lua</Filter>
    </ClInclude>
    <ClInclude Include="lua\ltm.h">
      <Filter>Lua</Filter>
    </ClInclude>
    <ClInclude Include="lua\lua.h">
      <Filter>Lua</Filter>
    </ClInclude>
    <ClInclude Include="lua\lua.hpp">
      <Filter>Lua</Filter>
    </ClInclude>
    <ClInclude Include="lua\luaconf.h">
      <Filter>Lua</Filter>
    </ClInclude>
    <ClInclude Include="lua\lualib.h">
      <Filter>Lua</Filter>
    </ClInclude>
    <ClInclude Include="lua\lundump.h">
      <Filter>Lua</Filter>
    </ClInclude>
    <ClInclude Include="lua\lvm.h">
      <Filter>Lua</Filter>
    </ClInclude>
    <ClInclude Include="lua\lzio.h">
      <Filter>Lua</Filter>
    </ClInclude>
    <ClCompile Include="src\script.cpp">
      <Filter>Source Files</Filter>
    </ClCompile>
    <ClCompile Include="src\script_actions.cpp">
      <Filter>Source Files</Filter>
    </ClCompile>
    <ClCompile Include="src\script_config.cpp">
      <Filter>Source Files</Filter>
    </ClCompile>
    <ClInclude Include="src\script.h">
      <Filter>Header Files</Filter>
    </ClInclude>
    <ClInclude Include="src\script_internal.h">
      <Filter>Header Files</Filter>
    </ClInclude>
  </ItemGroup>
</Project>
